{
  "name": "recored-ui",
  "lockfileVersion": 3,
  "requires": true,
  "packages": {
    "": {
      "devDependencies": {
        "@vicons/fa": "^0.12.0"
      }
    },
    "node_modules/@vicons/fa": {
      "version": "0.12.0",
      "resolved": "https://registry.npmmirror.com/@vicons/fa/-/fa-0.12.0.tgz",
      "integrity": "sha512-g2PIeJLsTHUjt6bK63LxqC0uYQB7iu+xViJOxvp1s8b9/akpXVPVWjDTTsP980/0KYyMMe4U7F/aUo7wY+MsXA==",
      "dev": true
    }
  }
}
